
Microsoft Visual Studio Solution File, Format Version 12.00
# Visual Studio Version 17
VisualStudioVersion = 17.0.31903.59
MinimumVisualStudioVersion = 10.0.40219.1
Project("{FAE04EC0-301F-11D3-BF4B-00C04F79EFBC}") = "ConsoleApp1", "ConsoleApp1\ConsoleApp1.csproj", "{11AC5ABD-0D87-4A9C-B326-F355CBB55F13}"
EndProject
Project("{FAE04EC0-301F-11D3-BF4B-00C04F79EFBC}") = "class_proporty", "class_proporty\class_proporty.csproj", "{3C131E00-AA6D-4E92-8EB8-98EF8B7A905E}"
EndProject
Project("{FAE04EC0-301F-11D3-BF4B-00C04F79EFBC}") = "project22", "project22\project22.csproj", "{B76E7D9E-9DE4-4B57-92E6-B4913790F0CC}"
EndProject
Project("{FAE04EC0-301F-11D3-BF4B-00C04F79EFBC}") = "PROJECT23", "PROJECT23\PROJECT23.csproj", "{2C16F18B-8095-4715-AB12-E289EDC489BC}"
EndProject
Project("{FAE04EC0-301F-11D3-BF4B-00C04F79EFBC}") = "ConsoleApp2", "ConsoleApp2\ConsoleApp2.csproj", "{481EDFB9-95D7-4E5F-8817-763CFD5A758D}"
EndProject
Project("{FAE04EC0-301F-11D3-BF4B-00C04F79EFBC}") = "ConsoleApp3", "ConsoleApp3\ConsoleApp3.csproj", "{F1128DA9-5F2C-4106-A0B9-E48F04C930A2}"
EndProject
Project("{2150E333-8FDC-42A3-9474-1A3956D46DE8}") = "NewFolder1", "NewFolder1", "{52A95CEC-B4E8-41DB-A0CA-3279BB41274A}"
EndProject
Project("{2150E333-8FDC-42A3-9474-1A3956D46DE8}") = "School", "School", "{BCF5BA0E-11BA-4C51-AA6E-68C940BA8123}"
EndProject
Project("{2150E333-8FDC-42A3-9474-1A3956D46DE8}") = "Carmng", "Carmng", "{F8B6F87D-BAD5-4230-8F84-C46DF343767A}"
EndProject
Global
	GlobalSection(SolutionConfigurationPlatforms) = preSolution
		Debug|Any CPU = Debug|Any CPU
		Release|Any CPU = Release|Any CPU
	EndGlobalSection
	GlobalSection(ProjectConfigurationPlatforms) = postSolution
		{11AC5ABD-0D87-4A9C-B326-F355CBB55F13}.Debug|Any CPU.ActiveCfg = Debug|Any CPU
		{11AC5ABD-0D87-4A9C-B326-F355CBB55F13}.Debug|Any CPU.Build.0 = Debug|Any CPU
		{11AC5ABD-0D87-4A9C-B326-F355CBB55F13}.Release|Any CPU.ActiveCfg = Release|Any CPU
		{11AC5ABD-0D87-4A9C-B326-F355CBB55F13}.Release|Any CPU.Build.0 = Release|Any CPU
		{3C131E00-AA6D-4E92-8EB8-98EF8B7A905E}.Debug|Any CPU.ActiveCfg = Debug|Any CPU
		{3C131E00-AA6D-4E92-8EB8-98EF8B7A905E}.Debug|Any CPU.Build.0 = Debug|Any CPU
		{3C131E00-AA6D-4E92-8EB8-98EF8B7A905E}.Release|Any CPU.ActiveCfg = Release|Any CPU
		{3C131E00-AA6D-4E92-8EB8-98EF8B7A905E}.Release|Any CPU.Build.0 = Release|Any CPU
		{B76E7D9E-9DE4-4B57-92E6-B4913790F0CC}.Debug|Any CPU.ActiveCfg = Debug|Any CPU
		{B76E7D9E-9DE4-4B57-92E6-B4913790F0CC}.Debug|Any CPU.Build.0 = Debug|Any CPU
		{B76E7D9E-9DE4-4B57-92E6-B4913790F0CC}.Release|Any CPU.ActiveCfg = Release|Any CPU
		{B76E7D9E-9DE4-4B57-92E6-B4913790F0CC}.Release|Any CPU.Build.0 = Release|Any CPU
		{2C16F18B-8095-4715-AB12-E289EDC489BC}.Debug|Any CPU.ActiveCfg = Debug|Any CPU
		{2C16F18B-8095-4715-AB12-E289EDC489BC}.Debug|Any CPU.Build.0 = Debug|Any CPU
		{2C16F18B-8095-4715-AB12-E289EDC489BC}.Release|Any CPU.ActiveCfg = Release|Any CPU
		{2C16F18B-8095-4715-AB12-E289EDC489BC}.Release|Any CPU.Build.0 = Release|Any CPU
		{481EDFB9-95D7-4E5F-8817-763CFD5A758D}.Debug|Any CPU.ActiveCfg = Debug|Any CPU
		{481EDFB9-95D7-4E5F-8817-763CFD5A758D}.Debug|Any CPU.Build.0 = Debug|Any CPU
		{481EDFB9-95D7-4E5F-8817-763CFD5A758D}.Release|Any CPU.ActiveCfg = Release|Any CPU
		{481EDFB9-95D7-4E5F-8817-763CFD5A758D}.Release|Any CPU.Build.0 = Release|Any CPU
		{F1128DA9-5F2C-4106-A0B9-E48F04C930A2}.Debug|Any CPU.ActiveCfg = Debug|Any CPU
		{F1128DA9-5F2C-4106-A0B9-E48F04C930A2}.Debug|Any CPU.Build.0 = Debug|Any CPU
		{F1128DA9-5F2C-4106-A0B9-E48F04C930A2}.Release|Any CPU.ActiveCfg = Release|Any CPU
		{F1128DA9-5F2C-4106-A0B9-E48F04C930A2}.Release|Any CPU.Build.0 = Release|Any CPU
	EndGlobalSection
	GlobalSection(SolutionProperties) = preSolution
		HideSolutionNode = FALSE
	EndGlobalSection
EndGlobal
