
Microsoft Visual Studio Solution File, Format Version 12.00
# Visual Studio Version 17
VisualStudioVersion = 17.5.002.0
MinimumVisualStudioVersion = 10.0.40219.1
Project("{9A19103F-16F7-4668-BE54-9A1E7A4F7556}") = "Project05_VariableSample", "Project05_VariableSample.csproj", "{C20D1226-9E90-48C8-BED0-AA1C928E9992}"
EndProject
Global
	GlobalSection(SolutionConfigurationPlatforms) = preSolution
		Debug|Any CPU = Debug|Any CPU
		Release|Any CPU = Release|Any CPU
	EndGlobalSection
	GlobalSection(ProjectConfigurationPlatforms) = postSolution
		{C20D1226-9E90-48C8-BED0-AA1C928E9992}.Debug|Any CPU.ActiveCfg = Debug|Any CPU
		{C20D1226-9E90-48C8-BED0-AA1C928E9992}.Debug|Any CPU.Build.0 = Debug|Any CPU
		{C20D1226-9E90-48C8-BED0-AA1C928E9992}.Release|Any CPU.ActiveCfg = Release|Any CPU
		{C20D1226-9E90-48C8-BED0-AA1C928E9992}.Release|Any CPU.Build.0 = Release|Any CPU
	EndGlobalSection
	GlobalSection(SolutionProperties) = preSolution
		HideSolutionNode = FALSE
	EndGlobalSection
	GlobalSection(ExtensibilityGlobals) = postSolution
		SolutionGuid = {C848E36B-33B0-47DA-9CAF-EFCCA61C5997}
	EndGlobalSection
EndGlobal
