
Microsoft Visual Studio Solution File, Format Version 12.00
# Visual Studio Version 17
VisualStudioVersion = 17.5.002.0
MinimumVisualStudioVersion = 10.0.40219.1
Project("{9A19103F-16F7-4668-BE54-9A1E7A4F7556}") = "Proje02_withMainMethod", "Proje02_withMainMethod.csproj", "{7CBF4CDD-F957-44F2-8F74-EC0C60E30552}"
EndProject
Global
	GlobalSection(SolutionConfigurationPlatforms) = preSolution
		Debug|Any CPU = Debug|Any CPU
		Release|Any CPU = Release|Any CPU
	EndGlobalSection
	GlobalSection(ProjectConfigurationPlatforms) = postSolution
		{7CBF4CDD-F957-44F2-8F74-EC0C60E30552}.Debug|Any CPU.ActiveCfg = Debug|Any CPU
		{7CBF4CDD-F957-44F2-8F74-EC0C60E30552}.Debug|Any CPU.Build.0 = Debug|Any CPU
		{7CBF4CDD-F957-44F2-8F74-EC0C60E30552}.Release|Any CPU.ActiveCfg = Release|Any CPU
		{7CBF4CDD-F957-44F2-8F74-EC0C60E30552}.Release|Any CPU.Build.0 = Release|Any CPU
	EndGlobalSection
	GlobalSection(SolutionProperties) = preSolution
		HideSolutionNode = FALSE
	EndGlobalSection
	GlobalSection(ExtensibilityGlobals) = postSolution
		SolutionGuid = {F963E170-3795-4292-8488-0CC256B6E72F}
	EndGlobalSection
EndGlobal
