
Microsoft Visual Studio Solution File, Format Version 12.00
# Visual Studio Version 17
VisualStudioVersion = 17.5.002.0
MinimumVisualStudioVersion = 10.0.40219.1
Project("{9A19103F-16F7-4668-BE54-9A1E7A4F7556}") = "Proje02_Var_Dynmamic", "Proje02_Var_Dynmamic.csproj", "{F59A6D95-67E1-49CA-AF2F-C5AA92FF50AD}"
EndProject
Global
	GlobalSection(SolutionConfigurationPlatforms) = preSolution
		Debug|Any CPU = Debug|Any CPU
		Release|Any CPU = Release|Any CPU
	EndGlobalSection
	GlobalSection(ProjectConfigurationPlatforms) = postSolution
		{F59A6D95-67E1-49CA-AF2F-C5AA92FF50AD}.Debug|Any CPU.ActiveCfg = Debug|Any CPU
		{F59A6D95-67E1-49CA-AF2F-C5AA92FF50AD}.Debug|Any CPU.Build.0 = Debug|Any CPU
		{F59A6D95-67E1-49CA-AF2F-C5AA92FF50AD}.Release|Any CPU.ActiveCfg = Release|Any CPU
		{F59A6D95-67E1-49CA-AF2F-C5AA92FF50AD}.Release|Any CPU.Build.0 = Release|Any CPU
	EndGlobalSection
	GlobalSection(SolutionProperties) = preSolution
		HideSolutionNode = FALSE
	EndGlobalSection
	GlobalSection(ExtensibilityGlobals) = postSolution
		SolutionGuid = {D2FDC8AB-E1FC-457F-A8E0-BF12356DEA97}
	EndGlobalSection
EndGlobal
