
Microsoft Visual Studio Solution File, Format Version 12.00
# Visual Studio Version 17
VisualStudioVersion = 17.0.31903.59
MinimumVisualStudioVersion = 10.0.40219.1
Project("{FAE04EC0-301F-11D3-BF4B-00C04F79EFBC}") = "Project23_InheretenceSamples", "Project23_InheretenceSamples\Project23_InheretenceSamples.csproj", "{3E5A4D0D-1A49-461A-BDC5-E3A899608963}"
EndProject
Project("{FAE04EC0-301F-11D3-BF4B-00C04F79EFBC}") = "Project24", "Project24\Project24.csproj", "{381E9EFF-1C22-4FF2-996E-6FFBC9454F34}"
EndProject
Global
	GlobalSection(SolutionConfigurationPlatforms) = preSolution
		Debug|Any CPU = Debug|Any CPU
		Release|Any CPU = Release|Any CPU
	EndGlobalSection
	GlobalSection(ProjectConfigurationPlatforms) = postSolution
		{3E5A4D0D-1A49-461A-BDC5-E3A899608963}.Debug|Any CPU.ActiveCfg = Debug|Any CPU
		{3E5A4D0D-1A49-461A-BDC5-E3A899608963}.Debug|Any CPU.Build.0 = Debug|Any CPU
		{3E5A4D0D-1A49-461A-BDC5-E3A899608963}.Release|Any CPU.ActiveCfg = Release|Any CPU
		{3E5A4D0D-1A49-461A-BDC5-E3A899608963}.Release|Any CPU.Build.0 = Release|Any CPU
		{381E9EFF-1C22-4FF2-996E-6FFBC9454F34}.Debug|Any CPU.ActiveCfg = Debug|Any CPU
		{381E9EFF-1C22-4FF2-996E-6FFBC9454F34}.Debug|Any CPU.Build.0 = Debug|Any CPU
		{381E9EFF-1C22-4FF2-996E-6FFBC9454F34}.Release|Any CPU.ActiveCfg = Release|Any CPU
		{381E9EFF-1C22-4FF2-996E-6FFBC9454F34}.Release|Any CPU.Build.0 = Release|Any CPU
	EndGlobalSection
	GlobalSection(SolutionProperties) = preSolution
		HideSolutionNode = FALSE
	EndGlobalSection
EndGlobal
