
Microsoft Visual Studio Solution File, Format Version 12.00
# Visual Studio Version 17
VisualStudioVersion = 17.5.002.0
MinimumVisualStudioVersion = 10.0.40219.1
Project("{9A19103F-16F7-4668-BE54-9A1E7A4F7556}") = "Project01_MVC_WithCLI", "Project01_MVC_WithCLI.csproj", "{249766C6-5F20-4ECC-A65E-0611624AABFA}"
EndProject
Global
	GlobalSection(SolutionConfigurationPlatforms) = preSolution
		Debug|Any CPU = Debug|Any CPU
		Release|Any CPU = Release|Any CPU
	EndGlobalSection
	GlobalSection(ProjectConfigurationPlatforms) = postSolution
		{249766C6-5F20-4ECC-A65E-0611624AABFA}.Debug|Any CPU.ActiveCfg = Debug|Any CPU
		{249766C6-5F20-4ECC-A65E-0611624AABFA}.Debug|Any CPU.Build.0 = Debug|Any CPU
		{249766C6-5F20-4ECC-A65E-0611624AABFA}.Release|Any CPU.ActiveCfg = Release|Any CPU
		{249766C6-5F20-4ECC-A65E-0611624AABFA}.Release|Any CPU.Build.0 = Release|Any CPU
	EndGlobalSection
	GlobalSection(SolutionProperties) = preSolution
		HideSolutionNode = FALSE
	EndGlobalSection
	GlobalSection(ExtensibilityGlobals) = postSolution
		SolutionGuid = {8F027651-0035-4CA0-944D-E5ED712CDDC0}
	EndGlobalSection
EndGlobal
