
Microsoft Visual Studio Solution File, Format Version 12.00
# Visual Studio Version 17
VisualStudioVersion = 17.5.002.0
MinimumVisualStudioVersion = 10.0.40219.1
Project("{9A19103F-16F7-4668-BE54-9A1E7A4F7556}") = "Project16", "Project16.csproj", "{A4E2E80F-9912-4A57-968D-E9C969C81356}"
EndProject
Global
	GlobalSection(SolutionConfigurationPlatforms) = preSolution
		Debug|Any CPU = Debug|Any CPU
		Release|Any CPU = Release|Any CPU
	EndGlobalSection
	GlobalSection(ProjectConfigurationPlatforms) = postSolution
		{A4E2E80F-9912-4A57-968D-E9C969C81356}.Debug|Any CPU.ActiveCfg = Debug|Any CPU
		{A4E2E80F-9912-4A57-968D-E9C969C81356}.Debug|Any CPU.Build.0 = Debug|Any CPU
		{A4E2E80F-9912-4A57-968D-E9C969C81356}.Release|Any CPU.ActiveCfg = Release|Any CPU
		{A4E2E80F-9912-4A57-968D-E9C969C81356}.Release|Any CPU.Build.0 = Release|Any CPU
	EndGlobalSection
	GlobalSection(SolutionProperties) = preSolution
		HideSolutionNode = FALSE
	EndGlobalSection
	GlobalSection(ExtensibilityGlobals) = postSolution
		SolutionGuid = {B3ED0567-1112-42E2-B4A0-ACF95E045FBF}
	EndGlobalSection
EndGlobal
