
Microsoft Visual Studio Solution File, Format Version 12.00
# Visual Studio Version 17
VisualStudioVersion = 17.5.002.0
MinimumVisualStudioVersion = 10.0.40219.1
Project("{9A19103F-16F7-4668-BE54-9A1E7A4F7556}") = "Proje05_Abstraction", "Proje05_Abstraction.csproj", "{A5366C28-F3ED-4AFA-AD8F-33CB02AC2A34}"
EndProject
Global
	GlobalSection(SolutionConfigurationPlatforms) = preSolution
		Debug|Any CPU = Debug|Any CPU
		Release|Any CPU = Release|Any CPU
	EndGlobalSection
	GlobalSection(ProjectConfigurationPlatforms) = postSolution
		{A5366C28-F3ED-4AFA-AD8F-33CB02AC2A34}.Debug|Any CPU.ActiveCfg = Debug|Any CPU
		{A5366C28-F3ED-4AFA-AD8F-33CB02AC2A34}.Debug|Any CPU.Build.0 = Debug|Any CPU
		{A5366C28-F3ED-4AFA-AD8F-33CB02AC2A34}.Release|Any CPU.ActiveCfg = Release|Any CPU
		{A5366C28-F3ED-4AFA-AD8F-33CB02AC2A34}.Release|Any CPU.Build.0 = Release|Any CPU
	EndGlobalSection
	GlobalSection(SolutionProperties) = preSolution
		HideSolutionNode = FALSE
	EndGlobalSection
	GlobalSection(ExtensibilityGlobals) = postSolution
		SolutionGuid = {FF40E355-1047-4D59-A69E-AFD433C2841C}
	EndGlobalSection
EndGlobal
